// !$*UTF8*$!
{
	archiveVersion = 1;
	classes = {
	};
	objectVersion = 50;
	objects = {

/* Begin PBXBuildFile section */
		CC21D5502481E983009F6652 /* AddToDoViewController.swift in Sources */ = {isa = PBXBuildFile; fileRef = CC21D54F2481E983009F6652 /* AddToDoViewController.swift */; };
		CC21D5522481F10F009F6652 /* CompleteToDoViewController.swift in Sources */ = {isa = PBXBuildFile; fileRef = CC21D5512481F10F009F6652 /* CompleteToDoViewController.swift */; };
		CC4753C62482B7A300FD4991 /* ToDoTableViewController.swift in Sources */ = {isa = PBXBuildFile; fileRef = CCAD5B8A2481BFFD00D3BD85 /* ToDoTableViewController.swift */; };
		CCAD5B742481BCF200D3BD85 /* AppDelegate.swift in Sources */ = {isa = PBXBuildFile; fileRef = CCAD5B732481BCF200D3BD85 /* AppDelegate.swift */; };
		CCAD5B762481BCF200D3BD85 /* SceneDelegate.swift in Sources */ = {isa = PBXBuildFile; fileRef = CCAD5B752481BCF200D3BD85 /* SceneDelegate.swift */; };
		CCAD5B782481BCF200D3BD85 /* ViewController.swift in Sources */ = {isa = PBXBuildFile; fileRef = CCAD5B772481BCF200D3BD85 /* ViewController.swift */; };
		CCAD5B7B2481BCF200D3BD85 /* Main.storyboard in Resources */ = {isa = PBXBuildFile; fileRef = CCAD5B792481BCF200D3BD85 /* Main.storyboard */; };
		CCAD5B7E2481BCF200D3BD85 /* ToDoListApp.xcdatamodeld in Sources */ = {isa = PBXBuildFile; fileRef = CCAD5B7C2481BCF200D3BD85 /* ToDoListApp.xcdatamodeld */; };
		CCAD5B802481BCF700D3BD85 /* Assets.xcassets in Resources */ = {isa = PBXBuildFile; fileRef = CCAD5B7F2481BCF700D3BD85 /* Assets.xcassets */; };
		CCAD5B832481BCF700D3BD85 /* LaunchScreen.storyboard in Resources */ = {isa = PBXBuildFile; fileRef = CCAD5B812481BCF700D3BD85 /* LaunchScreen.storyboard */; };
		CCAD5B8D2481C07600D3BD85 /* ToDo.swift in Sources */ = {isa = PBXBuildFile; fileRef = CCAD5B8C2481C07600D3BD85 /* ToDo.swift */; };
/* End PBXBuildFile section */

/* Begin PBXFileReference section */
		CC21D54F2481E983009F6652 /* AddToDoViewController.swift */ = {isa = PBXFileReference; lastKnownFileType = sourcecode.swift; path = AddToDoViewController.swift; sourceTree = "<group>"; };
		CC21D5512481F10F009F6652 /* CompleteToDoViewController.swift */ = {isa = PBXFileReference; lastKnownFileType = sourcecode.swift; path = CompleteToDoViewController.swift; sourceTree = "<group>"; };
		CCAD5B702481BCF200D3BD85 /* ToDoListApp.app */ = {isa = PBXFileReference; explicitFileType = wrapper.application; includeInIndex = 0; path = ToDoListApp.app; sourceTree = BUILT_PRODUCTS_DIR; };
		CCAD5B732481BCF200D3BD85 /* AppDelegate.swift */ = {isa = PBXFileReference; lastKnownFileType = sourcecode.swift; path = AppDelegate.swift; sourceTree = "<group>"; };
		CCAD5B752481BCF200D3BD85 /* SceneDelegate.swift */ = {isa = PBXFileReference; lastKnownFileType = sourcecode.swift; path = SceneDelegate.swift; sourceTree = "<group>"; };
		CCAD5B772481BCF200D3BD85 /* ViewController.swift */ = {isa = PBXFileReference; lastKnownFileType = sourcecode.swift; path = ViewController.swift; sourceTree = "<group>"; };
		CCAD5B7A2481BCF200D3BD85 /* Base */ = {isa = PBXFileReference; lastKnownFileType = file.storyboard; name = Base; path = Base.lproj/Main.storyboard; sourceTree = "<group>"; };
		CCAD5B7D2481BCF200D3BD85 /* ToDoListApp.xcdatamodel */ = {isa = PBXFileReference; lastKnownFileType = wrapper.xcdatamodel; path = ToDoListApp.xcdatamodel; sourceTree = "<group>"; };
		CCAD5B7F2481BCF700D3BD85 /* Assets.xcassets */ = {isa = PBXFileReference; lastKnownFileType = folder.assetcatalog; path = Assets.xcassets; sourceTree = "<group>"; };
		CCAD5B822481BCF700D3BD85 /* Base */ = {isa = PBXFileReference; lastKnownFileType = file.storyboard; name = Base; path = Base.lproj/LaunchScreen.storyboard; sourceTree = "<group>"; };
		CCAD5B842481BCF700D3BD85 /* Info.plist */ = {isa = PBXFileReference; lastKnownFileType = text.plist.xml; path = Info.plist; sourceTree = "<group>"; };
		CCAD5B8A2481BFFD00D3BD85 /* ToDoTableViewController.swift */ = {isa = PBXFileReference; lastKnownFileType = sourcecode.swift; path = ToDoTableViewController.swift; sourceTree = "<group>"; };
		CCAD5B8C2481C07600D3BD85 /* ToDo.swift */ = {isa = PBXFileReference; lastKnownFileType = sourcecode.swift; path = ToDo.swift; sourceTree = "<group>"; };
/* End PBXFileReference section */

/* Begin PBXFrameworksBuildPhase section */
		CCAD5B6D2481BCF200D3BD85 /* Frameworks */ = {
			isa = PBXFrameworksBuildPhase;
			buildActionMask = 2147483647;
			files = (
			);
			runOnlyForDeploymentPostprocessing = 0;
		};
/* End PBXFrameworksBuildPhase section */

/* Begin PBXGroup section */
		CCAD5B672481BCF200D3BD85 = {
			isa = PBXGroup;
			children = (
				CCAD5B722481BCF200D3BD85 /* ToDoListApp */,
				CCAD5B712481BCF200D3BD85 /* Products */,
			);
			sourceTree = "<group>";
		};
		CCAD5B712481BCF200D3BD85 /* Products */ = {
			isa = PBXGroup;
			children = (
				CCAD5B702481BCF200D3BD85 /* ToDoListApp.app */,
			);
			name = Products;
			sourceTree = "<group>";
		};
		CCAD5B722481BCF200D3BD85 /* ToDoListApp */ = {
			isa = PBXGroup;
			children = (
				CCAD5B732481BCF200D3BD85 /* AppDelegate.swift */,
				CCAD5B752481BCF200D3BD85 /* SceneDelegate.swift */,
				CCAD5B772481BCF200D3BD85 /* ViewController.swift */,
				CCAD5B792481BCF200D3BD85 /* Main.storyboard */,
				CC21D5512481F10F009F6652 /* CompleteToDoViewController.swift */,
				CC21D54F2481E983009F6652 /* AddToDoViewController.swift */,
				CCAD5B7F2481BCF700D3BD85 /* Assets.xcassets */,
				CCAD5B812481BCF700D3BD85 /* LaunchScreen.storyboard */,
				CCAD5B842481BCF700D3BD85 /* Info.plist */,
				CCAD5B7C2481BCF200D3BD85 /* ToDoListApp.xcdatamodeld */,
				CCAD5B8A2481BFFD00D3BD85 /* ToDoTableViewController.swift */,
				CCAD5B8C2481C07600D3BD85 /* ToDo.swift */,
			);
			path = ToDoListApp;
			sourceTree = "<group>";
		};
/* End PBXGroup section */

/* Begin PBXNativeTarget section */
		CCAD5B6F2481BCF200D3BD85 /* ToDoListApp */ = {
			isa = PBXNativeTarget;
			buildConfigurationList = CCAD5B872481BCF700D3BD85 /* Build configuration list for PBXNativeTarget "ToDoListApp" */;
			buildPhases = (
				CCAD5B6C2481BCF200D3BD85 /* Sources */,
				CCAD5B6D2481BCF200D3BD85 /* Frameworks */,
				CCAD5B6E2481BCF200D3BD85 /* Resources */,
			);
			buildRules = (
			);
			dependencies = (
			);
			name = ToDoListApp;
			productName = ToDoListApp;
			productReference = CCAD5B702481BCF200D3BD85 /* ToDoListApp.app */;
			productType = "com.apple.product-type.application";
		};
/* End PBXNativeTarget section */

/* Begin PBXProject section */
		CCAD5B682481BCF200D3BD85 /* Project object */ = {
			isa = PBXProject;
			attributes = {
				LastSwiftUpdateCheck = 1140;
				LastUpgradeCheck = 1140;
				ORGANIZATIONNAME = gwc;
				TargetAttributes = {
					CCAD5B6F2481BCF200D3BD85 = {
						CreatedOnToolsVersion = 11.4.1;
					};
				};
			};
			buildConfigurationList = CCAD5B6B2481BCF200D3BD85 /* Build configuration list for PBXProject "ToDoListApp" */;
			compatibilityVersion = "Xcode 9.3";
			developmentRegion = en;
			hasScannedForEncodings = 0;
			knownRegions = (
				en,
				Base,
			);
			mainGroup = CCAD5B672481BCF200D3BD85;
			productRefGroup = CCAD5B712481BCF200D3BD85 /* Products */;
			projectDirPath = "";
			projectRoot = "";
			targets = (
				CCAD5B6F2481BCF200D3BD85 /* ToDoListApp */,
			);
		};
/* End PBXProject section */

/* Begin PBXResourcesBuildPhase section */
		CCAD5B6E2481BCF200D3BD85 /* Resources */ = {
			isa = PBXResourcesBuildPhase;
			buildActionMask = 2147483647;
			files = (
				CCAD5B832481BCF700D3BD85 /* LaunchScreen.storyboard in Resources */,
				CCAD5B802481BCF700D3BD85 /* Assets.xcassets in Resources */,
				CCAD5B7B2481BCF200D3BD85 /* Main.storyboard in Resources */,
			);
			runOnlyForDeploymentPostprocessing = 0;
		};
/* End PBXResourcesBuildPhase section */

/* Begin PBXSourcesBuildPhase section */
		CCAD5B6C2481BCF200D3BD85 /* Sources */ = {
			isa = PBXSourcesBuildPhase;
			buildActionMask = 2147483647;
			files = (
				CCAD5B782481BCF200D3BD85 /* ViewController.swift in Sources */,
				CCAD5B742481BCF200D3BD85 /* AppDelegate.swift in Sources */,
				CC21D5522481F10F009F6652 /* CompleteToDoViewController.swift in Sources */,
				CCAD5B762481BCF200D3BD85 /* SceneDelegate.swift in Sources */,
				CCAD5B8D2481C07600D3BD85 /* ToDo.swift in Sources */,
				CC4753C62482B7A300FD4991 /* ToDoTableViewController.swift in Sources */,
				CC21D5502481E983009F6652 /* AddToDoViewController.swift in Sources */,
				CCAD5B7E2481BCF200D3BD85 /* ToDoListApp.xcdatamodeld in Sources */,
			);
			runOnlyForDeploymentPostprocessing = 0;
		};
/* End PBXSourcesBuildPhase section */

/* Begin PBXVariantGroup section */
		CCAD5B792481BCF200D3BD85 /* Main.storyboard */ = {
			isa = PBXVariantGroup;
			children = (
				CCAD5B7A2481BCF200D3BD85 /* Base */,
			);
			name = Main.storyboard;
			sourceTree = "<group>";
		};
		CCAD5B812481BCF700D3BD85 /* LaunchScreen.storyboard */ = {
			isa = PBXVariantGroup;
			children = (
				CCAD5B822481BCF700D3BD85 /* Base */,
			);
			name = LaunchScreen.storyboard;
			sourceTree = "<group>";
		};
/* End PBXVariantGroup section */

/* Begin XCBuildConfiguration section */
		CCAD5B852481BCF700D3BD85 /* Debug */ = {
			isa = XCBuildConfiguration;
			buildSettings = {
				ALWAYS_SEARCH_USER_PATHS = NO;
				CLANG_ANALYZER_NONNULL = YES;
				CLANG_ANALYZER_NUMBER_OBJECT_CONVERSION = YES_AGGRESSIVE;
				CLANG_CXX_LANGUAGE_STANDARD = "gnu++14";
				CLANG_CXX_LIBRARY = "libc++";
				CLANG_ENABLE_MODULES = YES;
				CLANG_ENABLE_OBJC_ARC = YES;
				CLANG_ENABLE_OBJC_WEAK = YES;
				CLANG_WARN_BLOCK_CAPTURE_AUTORELEASING = YES;
				CLANG_WARN_BOOL_CONVERSION = YES;
				CLANG_WARN_COMMA = YES;
				CLANG_WARN_CONSTANT_CONVERSION = YES;
				CLANG_WARN_DEPRECATED_OBJC_IMPLEMENTATIONS = YES;
				CLANG_WARN_DIRECT_OBJC_ISA_USAGE = YES_ERROR;
				CLANG_WARN_DOCUMENTATION_COMMENTS = YES;
				CLANG_WARN_EMPTY_BODY = YES;
				CLANG_WARN_ENUM_CONVERSION = YES;
				CLANG_WARN_INFINITE_RECURSION = YES;
				CLANG_WARN_INT_CONVERSION = YES;
				CLANG_WARN_NON_LITERAL_NULL_CONVERSION = YES;
				CLANG_WARN_OBJC_IMPLICIT_RETAIN_SELF = YES;
				CLANG_WARN_OBJC_LITERAL_CONVERSION = YES;
				CLANG_WARN_OBJC_ROOT_CLASS = YES_ERROR;
				CLANG_WARN_RANGE_LOOP_ANALYSIS = YES;
				CLANG_WARN_STRICT_PROTOTYPES = YES;
				CLANG_WARN_SUSPICIOUS_MOVE = YES;
				CLANG_WARN_UNGUARDED_AVAILABILITY = YES_AGGRESSIVE;
				CLANG_WARN_UNREACHABLE_CODE = YES;
				CLANG_WARN__DUPLICATE_METHOD_MATCH = YES;
				COPY_PHASE_STRIP = NO;
				DEBUG_INFORMATION_FORMAT = dwarf;
				ENABLE_STRICT_OBJC_MSGSEND = YES;
				ENABLE_TESTABILITY = YES;
				GCC_C_LANGUAGE_STANDARD = gnu11;
				GCC_DYNAMIC_NO_PIC = NO;
				GCC_NO_COMMON_BLOCKS = YES;
				GCC_OPTIMIZATION_LEVEL = 0;
				GCC_PREPROCESSOR_DEFINITIONS = (
					"DEBUG=1",
					"$(inherited)",
				);
				GCC_WARN_64_TO_32_BIT_CONVERSION = YES;
				GCC_WARN_ABOUT_RETURN_TYPE = YES_ERROR;
				GCC_WARN_UNDECLARED_SELECTOR = YES;
				GCC_WARN_UNINITIALIZED_AUTOS = YES_AGGRESSIVE;
				GCC_WARN_UNUSED_FUNCTION = YES;
				GCC_WARN_UNUSED_VARIABLE = YES;
				IPHONEOS_DEPLOYMENT_TARGET = 13.4;
				MTL_ENABLE_DEBUG_INFO = INCLUDE_SOURCE;
				MTL_FAST_MATH = YES;
				ONLY_ACTIVE_ARCH = YES;
				SDKROOT = iphoneos;
				SWIFT_ACTIVE_COMPILATION_CONDITIONS = DEBUG;
				SWIFT_OPTIMIZATION_LEVEL = "-Onone";
			};
			name = Debug;
		};
		CCAD5B862481BCF700D3BD85 /* Release */ = {
			isa = XCBuildConfiguration;
			buildSettings = {
				ALWAYS_SEARCH_USER_PATHS = NO;
				CLANG_ANALYZER_NONNULL = YES;
				CLANG_ANALYZER_NUMBER_OBJECT_CONVERSION = YES_AGGRESSIVE;
				CLANG_CXX_LANGUAGE_STANDARD = "gnu++14";
				CLANG_CXX_LIBRARY = "libc++";
				CLANG_ENABLE_MODULES = YES;
				CLANG_ENABLE_OBJC_ARC = YES;
				CLANG_ENABLE_OBJC_WEAK = YES;
				CLANG_WARN_BLOCK_CAPTURE_AUTORELEASING = YES;
				CLANG_WARN_BOOL_CONVERSION = YES;
				CLANG_WARN_COMMA = YES;
				CLANG_WARN_CONSTANT_CONVERSION = YES;
				CLANG_WARN_DEPRECATED_OBJC_IMPLEMENTATIONS = YES;
				CLANG_WARN_DIRECT_OBJC_ISA_USAGE = YES_ERROR;
				CLANG_WARN_DOCUMENTATION_COMMENTS = YES;
				CLANG_WARN_EMPTY_BODY = YES;
				CLANG_WARN_ENUM_CONVERSION = YES;
				CLANG_WARN_INFINITE_RECURSION = YES;
				CLANG_WARN_INT_CONVERSION = YES;
				CLANG_WARN_NON_LITERAL_NULL_CONVERSION = YES;
				CLANG_WARN_OBJC_IMPLICIT_RETAIN_SELF = YES;
				CLANG_WARN_OBJC_LITERAL_CONVERSION = YES;
				CLANG_WARN_OBJC_ROOT_CLASS = YES_ERROR;
				CLANG_WARN_RANGE_LOOP_ANALYSIS = YES;
				CLANG_WARN_STRICT_PROTOTYPES = YES;
				CLANG_WARN_SUSPICIOUS_MOVE = YES;
				CLANG_WARN_UNGUARDED_AVAILABILITY = YES_AGGRESSIVE;
				CLANG_WARN_UNREACHABLE_CODE = YES;
				CLANG_WARN__DUPLICATE_METHOD_MATCH = YES;
				COPY_PHASE_STRIP = NO;
				DEBUG_INFORMATION_FORMAT = "dwarf-with-dsym";
				ENABLE_NS_ASSERTIONS = NO;
				ENABLE_STRICT_OBJC_MSGSEND = YES;
				GCC_C_LANGUAGE_STANDARD = gnu11;
				GCC_NO_COMMON_BLOCKS = YES;
				GCC_WARN_64_TO_32_BIT_CONVERSION = YES;
				GCC_WARN_ABOUT_RETURN_TYPE = YES_ERROR;
				GCC_WARN_UNDECLARED_SELECTOR = YES;
				GCC_WARN_UNINITIALIZED_AUTOS = YES_AGGRESSIVE;
				GCC_WARN_UNUSED_FUNCTION = YES;
				GCC_WARN_UNUSED_VARIABLE = YES;
				IPHONEOS_DEPLOYMENT_TARGET = 13.4;
				MTL_ENABLE_DEBUG_INFO = NO;
				MTL_FAST_MATH = YES;
				SDKROOT = iphoneos;
				SWIFT_COMPILATION_MODE = wholemodule;
				SWIFT_OPTIMIZATION_LEVEL = "-O";
				VALIDATE_PRODUCT = YES;
			};
			name = Release;
		};
		CCAD5B882481BCF700D3BD85 /* Debug */ = {
			isa = XCBuildConfiguration;
			buildSettings = {
				ASSETCATALOG_COMPILER_APPICON_NAME = AppIcon;
				CODE_SIGN_STYLE = Automatic;
				INFOPLIST_FILE = ToDoListApp/Info.plist;
				LD_RUNPATH_SEARCH_PATHS = (
					"$(inherited)",
					"@executable_path/Frameworks",
				);
				PRODUCT_BUNDLE_IDENTIFIER = com.victoria.ToDoListApp;
				PRODUCT_NAME = "$(TARGET_NAME)";
				SWIFT_VERSION = 5.0;
				TARGETED_DEVICE_FAMILY = "1,2";
			};
			name = Debug;
		};
		CCAD5B892481BCF700D3BD85 /* Release */ = {
			isa = XCBuildConfiguration;
			buildSettings = {
				ASSETCATALOG_COMPILER_APPICON_NAME = AppIcon;
				CODE_SIGN_STYLE = Automatic;
				INFOPLIST_FILE = ToDoListApp/Info.plist;
				LD_RUNPATH_SEARCH_PATHS = (
					"$(inherited)",
					"@executable_path/Frameworks",
				);
				PRODUCT_BUNDLE_IDENTIFIER = com.victoria.ToDoListApp;
				PRODUCT_NAME = "$(TARGET_NAME)";
				SWIFT_VERSION = 5.0;
				TARGETED_DEVICE_FAMILY = "1,2";
			};
			name = Release;
		};
/* End XCBuildConfiguration section */

/* Begin XCConfigurationList section */
		CCAD5B6B2481BCF200D3BD85 /* Build configuration list for PBXProject "ToDoListApp" */ = {
			isa = XCConfigurationList;
			buildConfigurations = (
				CCAD5B852481BCF700D3BD85 /* Debug */,
				CCAD5B862481BCF700D3BD85 /* Release */,
			);
			defaultConfigurationIsVisible = 0;
			defaultConfigurationName = Release;
		};
		CCAD5B872481BCF700D3BD85 /* Build configuration list for PBXNativeTarget "ToDoListApp" */ = {
			isa = XCConfigurationList;
			buildConfigurations = (
				CCAD5B882481BCF700D3BD85 /* Debug */,
				CCAD5B892481BCF700D3BD85 /* Release */,
			);
			defaultConfigurationIsVisible = 0;
			defaultConfigurationName = Release;
		};
/* End XCConfigurationList section */

/* Begin XCVersionGroup section */
		CCAD5B7C2481BCF200D3BD85 /* ToDoListApp.xcdatamodeld */ = {
			isa = XCVersionGroup;
			children = (
				CCAD5B7D2481BCF200D3BD85 /* ToDoListApp.xcdatamodel */,
			);
			currentVersion = CCAD5B7D2481BCF200D3BD85 /* ToDoListApp.xcdatamodel */;
			path = ToDoListApp.xcdatamodeld;
			sourceTree = "<group>";
			versionGroupType = wrapper.xcdatamodel;
		};
/* End XCVersionGroup section */
	};
	rootObject = CCAD5B682481BCF200D3BD85 /* Project object */;
}
